// !$*UTF8*$!
{
	archiveVersion = 1;
	classes = {
	};
	objectVersion = 46;
	objects = {

/* Begin PBXBuildFile section */
		1607A07F1CFC2CFD00E00DF9 /* NNPushTest.m in Sources */ = {isa = PBXBuildFile; fileRef = 1607A07E1CFC2CFD00E00DF9 /* NNPushTest.m */; };
		16B74ABD1CF6A492009208DF /* main.m in Sources */ = {isa = PBXBuildFile; fileRef = 16B74ABC1CF6A492009208DF /* main.m */; };
		16B74AC01CF6A492009208DF /* AppDelegate.m in Sources */ = {isa = PBXBuildFile; fileRef = 16B74ABF1CF6A492009208DF /* AppDelegate.m */; };
		16B74AC31CF6A492009208DF /* ViewController.m in Sources */ = {isa = PBXBuildFile; fileRef = 16B74AC21CF6A492009208DF /* ViewController.m */; };
		16B74AC61CF6A492009208DF /* Main.storyboard in Resources */ = {isa = PBXBuildFile; fileRef = 16B74AC41CF6A492009208DF /* Main.storyboard */; };
		16B74AC81CF6A492009208DF /* Assets.xcassets in Resources */ = {isa = PBXBuildFile; fileRef = 16B74AC71CF6A492009208DF /* Assets.xcassets */; };
		16B74ACB1CF6A492009208DF /* LaunchScreen.storyboard in Resources */ = {isa = PBXBuildFile; fileRef = 16B74AC91CF6A492009208DF /* LaunchScreen.storyboard */; };
		16B74AD61CF6A492009208DF /* Dome01Tests.m in Sources */ = {isa = PBXBuildFile; fileRef = 16B74AD51CF6A492009208DF /* Dome01Tests.m */; };
		16B74AE11CF6A492009208DF /* Dome01UITests.m in Sources */ = {isa = PBXBuildFile; fileRef = 16B74AE01CF6A492009208DF /* Dome01UITests.m */; };
		16B74AF01CF6A5E1009208DF /* ViewController2.m in Sources */ = {isa = PBXBuildFile; fileRef = 16B74AEF1CF6A5E1009208DF /* ViewController2.m */; };
/* End PBXBuildFile section */

/* Begin PBXContainerItemProxy section */
		16B74AD21CF6A492009208DF /* PBXContainerItemProxy */ = {
			isa = PBXContainerItemProxy;
			containerPortal = 16B74AB01CF6A492009208DF /* Project object */;
			proxyType = 1;
			remoteGlobalIDString = 16B74AB71CF6A492009208DF;
			remoteInfo = Dome01;
		};
		16B74ADD1CF6A492009208DF /* PBXContainerItemProxy */ = {
			isa = PBXContainerItemProxy;
			containerPortal = 16B74AB01CF6A492009208DF /* Project object */;
			proxyType = 1;
			remoteGlobalIDString = 16B74AB71CF6A492009208DF;
			remoteInfo = Dome01;
		};
/* End PBXContainerItemProxy section */

/* Begin PBXFileReference section */
		1607A07D1CFC2CFD00E00DF9 /* NNPushTest.h */ = {isa = PBXFileReference; fileEncoding = 4; lastKnownFileType = sourcecode.c.h; path = NNPushTest.h; sourceTree = "<group>"; };
		1607A07E1CFC2CFD00E00DF9 /* NNPushTest.m */ = {isa = PBXFileReference; fileEncoding = 4; lastKnownFileType = sourcecode.c.objc; path = NNPushTest.m; sourceTree = "<group>"; };
		16B74AB81CF6A492009208DF /* Dome01.app */ = {isa = PBXFileReference; explicitFileType = wrapper.application; includeInIndex = 0; path = Dome01.app; sourceTree = BUILT_PRODUCTS_DIR; };
		16B74ABC1CF6A492009208DF /* main.m */ = {isa = PBXFileReference; lastKnownFileType = sourcecode.c.objc; path = main.m; sourceTree = "<group>"; };
		16B74ABE1CF6A492009208DF /* AppDelegate.h */ = {isa = PBXFileReference; lastKnownFileType = sourcecode.c.h; path = AppDelegate.h; sourceTree = "<group>"; };
		16B74ABF1CF6A492009208DF /* AppDelegate.m */ = {isa = PBXFileReference; lastKnownFileType = sourcecode.c.objc; path = AppDelegate.m; sourceTree = "<group>"; };
		16B74AC11CF6A492009208DF /* ViewController.h */ = {isa = PBXFileReference; lastKnownFileType = sourcecode.c.h; path = ViewController.h; sourceTree = "<group>"; };
		16B74AC21CF6A492009208DF /* ViewController.m */ = {isa = PBXFileReference; lastKnownFileType = sourcecode.c.objc; path = ViewController.m; sourceTree = "<group>"; };
		16B74AC51CF6A492009208DF /* Base */ = {isa = PBXFileReference; lastKnownFileType = file.storyboard; name = Base; path = Base.lproj/Main.storyboard; sourceTree = "<group>"; };
		16B74AC71CF6A492009208DF /* Assets.xcassets */ = {isa = PBXFileReference; lastKnownFileType = folder.assetcatalog; path = Assets.xcassets; sourceTree = "<group>"; };
		16B74ACA1CF6A492009208DF /* Base */ = {isa = PBXFileReference; lastKnownFileType = file.storyboard; name = Base; path = Base.lproj/LaunchScreen.storyboard; sourceTree = "<group>"; };
		16B74ACC1CF6A492009208DF /* Info.plist */ = {isa = PBXFileReference; lastKnownFileType = text.plist.xml; path = Info.plist; sourceTree = "<group>"; };
		16B74AD11CF6A492009208DF /* Dome01Tests.xctest */ = {isa = PBXFileReference; explicitFileType = wrapper.cfbundle; includeInIndex = 0; path = Dome01Tests.xctest; sourceTree = BUILT_PRODUCTS_DIR; };
		16B74AD51CF6A492009208DF /* Dome01Tests.m */ = {isa = PBXFileReference; lastKnownFileType = sourcecode.c.objc; path = Dome01Tests.m; sourceTree = "<group>"; };
		16B74AD71CF6A492009208DF /* Info.plist */ = {isa = PBXFileReference; lastKnownFileType = text.plist.xml; path = Info.plist; sourceTree = "<group>"; };
		16B74ADC1CF6A492009208DF /* Dome01UITests.xctest */ = {isa = PBXFileReference; explicitFileType = wrapper.cfbundle; includeInIndex = 0; path = Dome01UITests.xctest; sourceTree = BUILT_PRODUCTS_DIR; };
		16B74AE01CF6A492009208DF /* Dome01UITests.m */ = {isa = PBXFileReference; lastKnownFileType = sourcecode.c.objc; path = Dome01UITests.m; sourceTree = "<group>"; };
		16B74AE21CF6A492009208DF /* Info.plist */ = {isa = PBXFileReference; lastKnownFileType = text.plist.xml; path = Info.plist; sourceTree = "<group>"; };
		16B74AEE1CF6A5E1009208DF /* ViewController2.h */ = {isa = PBXFileReference; fileEncoding = 4; lastKnownFileType = sourcecode.c.h; path = ViewController2.h; sourceTree = "<group>"; };
		16B74AEF1CF6A5E1009208DF /* ViewController2.m */ = {isa = PBXFileReference; fileEncoding = 4; lastKnownFileType = sourcecode.c.objc; path = ViewController2.m; sourceTree = "<group>"; };
/* End PBXFileReference section */

/* Begin PBXFrameworksBuildPhase section */
		16B74AB51CF6A492009208DF /* Frameworks */ = {
			isa = PBXFrameworksBuildPhase;
			buildActionMask = 2147483647;
			files = (
			);
			runOnlyForDeploymentPostprocessing = 0;
		};
		16B74ACE1CF6A492009208DF /* Frameworks */ = {
			isa = PBXFrameworksBuildPhase;
			buildActionMask = 2147483647;
			files = (
			);
			runOnlyForDeploymentPostprocessing = 0;
		};
		16B74AD91CF6A492009208DF /* Frameworks */ = {
			isa = PBXFrameworksBuildPhase;
			buildActionMask = 2147483647;
			files = (
			);
			runOnlyForDeploymentPostprocessing = 0;
		};
/* End PBXFrameworksBuildPhase section */

/* Begin PBXGroup section */
		16B74AAF1CF6A492009208DF = {
			isa = PBXGroup;
			children = (
				16B74ABA1CF6A492009208DF /* Dome01 */,
				16B74AD41CF6A492009208DF /* Dome01Tests */,
				16B74ADF1CF6A492009208DF /* Dome01UITests */,
				16B74AB91CF6A492009208DF /* Products */,
			);
			sourceTree = "<group>";
		};
		16B74AB91CF6A492009208DF /* Products */ = {
			isa = PBXGroup;
			children = (
				16B74AB81CF6A492009208DF /* Dome01.app */,
				16B74AD11CF6A492009208DF /* Dome01Tests.xctest */,
				16B74ADC1CF6A492009208DF /* Dome01UITests.xctest */,
			);
			name = Products;
			sourceTree = "<group>";
		};
		16B74ABA1CF6A492009208DF /* Dome01 */ = {
			isa = PBXGroup;
			children = (
				16B74ABE1CF6A492009208DF /* AppDelegate.h */,
				16B74ABF1CF6A492009208DF /* AppDelegate.m */,
				16B74AC11CF6A492009208DF /* ViewController.h */,
				16B74AC21CF6A492009208DF /* ViewController.m */,
				16B74AEE1CF6A5E1009208DF /* ViewController2.h */,
				16B74AEF1CF6A5E1009208DF /* ViewController2.m */,
				1607A07D1CFC2CFD00E00DF9 /* NNPushTest.h */,
				1607A07E1CFC2CFD00E00DF9 /* NNPushTest.m */,
				16B74AC41CF6A492009208DF /* Main.storyboard */,
				16B74AC71CF6A492009208DF /* Assets.xcassets */,
				16B74AC91CF6A492009208DF /* LaunchScreen.storyboard */,
				16B74ACC1CF6A492009208DF /* Info.plist */,
				16B74ABB1CF6A492009208DF /* Supporting Files */,
			);
			path = Dome01;
			sourceTree = "<group>";
		};
		16B74ABB1CF6A492009208DF /* Supporting Files */ = {
			isa = PBXGroup;
			children = (
				16B74ABC1CF6A492009208DF /* main.m */,
			);
			name = "Supporting Files";
			sourceTree = "<group>";
		};
		16B74AD41CF6A492009208DF /* Dome01Tests */ = {
			isa = PBXGroup;
			children = (
				16B74AD51CF6A492009208DF /* Dome01Tests.m */,
				16B74AD71CF6A492009208DF /* Info.plist */,
			);
			path = Dome01Tests;
			sourceTree = "<group>";
		};
		16B74ADF1CF6A492009208DF /* Dome01UITests */ = {
			isa = PBXGroup;
			children = (
				16B74AE01CF6A492009208DF /* Dome01UITests.m */,
				16B74AE21CF6A492009208DF /* Info.plist */,
			);
			path = Dome01UITests;
			sourceTree = "<group>";
		};
/* End PBXGroup section */

/* Begin PBXNativeTarget section */
		16B74AB71CF6A492009208DF /* Dome01 */ = {
			isa = PBXNativeTarget;
			buildConfigurationList = 16B74AE51CF6A492009208DF /* Build configuration list for PBXNativeTarget "Dome01" */;
			buildPhases = (
				16B74AB41CF6A492009208DF /* Sources */,
				16B74AB51CF6A492009208DF /* Frameworks */,
				16B74AB61CF6A492009208DF /* Resources */,
			);
			buildRules = (
			);
			dependencies = (
			);
			name = Dome01;
			productName = Dome01;
			productReference = 16B74AB81CF6A492009208DF /* Dome01.app */;
			productType = "com.apple.product-type.application";
		};
		16B74AD01CF6A492009208DF /* Dome01Tests */ = {
			isa = PBXNativeTarget;
			buildConfigurationList = 16B74AE81CF6A492009208DF /* Build configuration list for PBXNativeTarget "Dome01Tests" */;
			buildPhases = (
				16B74ACD1CF6A492009208DF /* Sources */,
				16B74ACE1CF6A492009208DF /* Frameworks */,
				16B74ACF1CF6A492009208DF /* Resources */,
			);
			buildRules = (
			);
			dependencies = (
				16B74AD31CF6A492009208DF /* PBXTargetDependency */,
			);
			name = Dome01Tests;
			productName = Dome01Tests;
			productReference = 16B74AD11CF6A492009208DF /* Dome01Tests.xctest */;
			productType = "com.apple.product-type.bundle.unit-test";
		};
		16B74ADB1CF6A492009208DF /* Dome01UITests */ = {
			isa = PBXNativeTarget;
			buildConfigurationList = 16B74AEB1CF6A492009208DF /* Build configuration list for PBXNativeTarget "Dome01UITests" */;
			buildPhases = (
				16B74AD81CF6A492009208DF /* Sources */,
				16B74AD91CF6A492009208DF /* Frameworks */,
				16B74ADA1CF6A492009208DF /* Resources */,
			);
			buildRules = (
			);
			dependencies = (
				16B74ADE1CF6A492009208DF /* PBXTargetDependency */,
			);
			name = Dome01UITests;
			productName = Dome01UITests;
			productReference = 16B74ADC1CF6A492009208DF /* Dome01UITests.xctest */;
			productType = "com.apple.product-type.bundle.ui-testing";
		};
/* End PBXNativeTarget section */

/* Begin PBXProject section */
		16B74AB01CF6A492009208DF /* Project object */ = {
			isa = PBXProject;
			attributes = {
				LastUpgradeCheck = 0720;
				ORGANIZATIONNAME = wangmingmin;
				TargetAttributes = {
					16B74AB71CF6A492009208DF = {
						CreatedOnToolsVersion = 7.2;
					};
					16B74AD01CF6A492009208DF = {
						CreatedOnToolsVersion = 7.2;
						TestTargetID = 16B74AB71CF6A492009208DF;
					};
					16B74ADB1CF6A492009208DF = {
						CreatedOnToolsVersion = 7.2;
						TestTargetID = 16B74AB71CF6A492009208DF;
					};
				};
			};
			buildConfigurationList = 16B74AB31CF6A492009208DF /* Build configuration list for PBXProject "Dome01" */;
			compatibilityVersion = "Xcode 3.2";
			developmentRegion = English;
			hasScannedForEncodings = 0;
			knownRegions = (
				en,
				Base,
			);
			mainGroup = 16B74AAF1CF6A492009208DF;
			productRefGroup = 16B74AB91CF6A492009208DF /* Products */;
			projectDirPath = "";
			projectRoot = "";
			targets = (
				16B74AB71CF6A492009208DF /* Dome01 */,
				16B74AD01CF6A492009208DF /* Dome01Tests */,
				16B74ADB1CF6A492009208DF /* Dome01UITests */,
			);
		};
/* End PBXProject section */

/* Begin PBXResourcesBuildPhase section */
		16B74AB61CF6A492009208DF /* Resources */ = {
			isa = PBXResourcesBuildPhase;
			buildActionMask = 2147483647;
			files = (
				16B74ACB1CF6A492009208DF /* LaunchScreen.storyboard in Resources */,
				16B74AC81CF6A492009208DF /* Assets.xcassets in Resources */,
				16B74AC61CF6A492009208DF /* Main.storyboard in Resources */,
			);
			runOnlyForDeploymentPostprocessing = 0;
		};
		16B74ACF1CF6A492009208DF /* Resources */ = {
			isa = PBXResourcesBuildPhase;
			buildActionMask = 2147483647;
			files = (
			);
			runOnlyForDeploymentPostprocessing = 0;
		};
		16B74ADA1CF6A492009208DF /* Resources */ = {
			isa = PBXResourcesBuildPhase;
			buildActionMask = 2147483647;
			files = (
			);
			runOnlyForDeploymentPostprocessing = 0;
		};
/* End PBXResourcesBuildPhase section */

/* Begin PBXSourcesBuildPhase section */
		16B74AB41CF6A492009208DF /* Sources */ = {
			isa = PBXSourcesBuildPhase;
			buildActionMask = 2147483647;
			files = (
				16B74AC31CF6A492009208DF /* ViewController.m in Sources */,
				16B74AF01CF6A5E1009208DF /* ViewController2.m in Sources */,
				1607A07F1CFC2CFD00E00DF9 /* NNPushTest.m in Sources */,
				16B74AC01CF6A492009208DF /* AppDelegate.m in Sources */,
				16B74ABD1CF6A492009208DF /* main.m in Sources */,
			);
			runOnlyForDeploymentPostprocessing = 0;
		};
		16B74ACD1CF6A492009208DF /* Sources */ = {
			isa = PBXSourcesBuildPhase;
			buildActionMask = 2147483647;
			files = (
				16B74AD61CF6A492009208DF /* Dome01Tests.m in Sources */,
			);
			runOnlyForDeploymentPostprocessing = 0;
		};
		16B74AD81CF6A492009208DF /* Sources */ = {
			isa = PBXSourcesBuildPhase;
			buildActionMask = 2147483647;
			files = (
				16B74AE11CF6A492009208DF /* Dome01UITests.m in Sources */,
			);
			runOnlyForDeploymentPostprocessing = 0;
		};
/* End PBXSourcesBuildPhase section */

/* Begin PBXTargetDependency section */
		16B74AD31CF6A492009208DF /* PBXTargetDependency */ = {
			isa = PBXTargetDependency;
			target = 16B74AB71CF6A492009208DF /* Dome01 */;
			targetProxy = 16B74AD21CF6A492009208DF /* PBXContainerItemProxy */;
		};
		16B74ADE1CF6A492009208DF /* PBXTargetDependency */ = {
			isa = PBXTargetDependency;
			target = 16B74AB71CF6A492009208DF /* Dome01 */;
			targetProxy = 16B74ADD1CF6A492009208DF /* PBXContainerItemProxy */;
		};
/* End PBXTargetDependency section */

/* Begin PBXVariantGroup section */
		16B74AC41CF6A492009208DF /* Main.storyboard */ = {
			isa = PBXVariantGroup;
			children = (
				16B74AC51CF6A492009208DF /* Base */,
			);
			name = Main.storyboard;
			sourceTree = "<group>";
		};
		16B74AC91CF6A492009208DF /* LaunchScreen.storyboard */ = {
			isa = PBXVariantGroup;
			children = (
				16B74ACA1CF6A492009208DF /* Base */,
			);
			name = LaunchScreen.storyboard;
			sourceTree = "<group>";
		};
/* End PBXVariantGroup section */

/* Begin XCBuildConfiguration section */
		16B74AE31CF6A492009208DF /* Debug */ = {
			isa = XCBuildConfiguration;
			buildSettings = {
				ALWAYS_SEARCH_USER_PATHS = NO;
				CLANG_CXX_LANGUAGE_STANDARD = "gnu++0x";
				CLANG_CXX_LIBRARY = "libc++";
				CLANG_ENABLE_MODULES = YES;
				CLANG_ENABLE_OBJC_ARC = YES;
				CLANG_WARN_BOOL_CONVERSION = YES;
				CLANG_WARN_CONSTANT_CONVERSION = YES;
				CLANG_WARN_DIRECT_OBJC_ISA_USAGE = YES_ERROR;
				CLANG_WARN_EMPTY_BODY = YES;
				CLANG_WARN_ENUM_CONVERSION = YES;
				CLANG_WARN_INT_CONVERSION = YES;
				CLANG_WARN_OBJC_ROOT_CLASS = YES_ERROR;
				CLANG_WARN_UNREACHABLE_CODE = YES;
				CLANG_WARN__DUPLICATE_METHOD_MATCH = YES;
				"CODE_SIGN_IDENTITY[sdk=iphoneos*]" = "iPhone Developer";
				COPY_PHASE_STRIP = NO;
				DEBUG_INFORMATION_FORMAT = dwarf;
				ENABLE_STRICT_OBJC_MSGSEND = YES;
				ENABLE_TESTABILITY = YES;
				GCC_C_LANGUAGE_STANDARD = gnu99;
				GCC_DYNAMIC_NO_PIC = NO;
				GCC_NO_COMMON_BLOCKS = YES;
				GCC_OPTIMIZATION_LEVEL = 0;
				GCC_PREPROCESSOR_DEFINITIONS = (
					"DEBUG=1",
					"$(inherited)",
				);
				GCC_WARN_64_TO_32_BIT_CONVERSION = YES;
				GCC_WARN_ABOUT_RETURN_TYPE = YES_ERROR;
				GCC_WARN_UNDECLARED_SELECTOR = YES;
				GCC_WARN_UNINITIALIZED_AUTOS = YES_AGGRESSIVE;
				GCC_WARN_UNUSED_FUNCTION = YES;
				GCC_WARN_UNUSED_VARIABLE = YES;
				IPHONEOS_DEPLOYMENT_TARGET = 9.2;
				MTL_ENABLE_DEBUG_INFO = YES;
				ONLY_ACTIVE_ARCH = YES;
				SDKROOT = iphoneos;
			};
			name = Debug;
		};
		16B74AE41CF6A492009208DF /* Release */ = {
			isa = XCBuildConfiguration;
			buildSettings = {
				ALWAYS_SEARCH_USER_PATHS = NO;
				CLANG_CXX_LANGUAGE_STANDARD = "gnu++0x";
				CLANG_CXX_LIBRARY = "libc++";
				CLANG_ENABLE_MODULES = YES;
				CLANG_ENABLE_OBJC_ARC = YES;
				CLANG_WARN_BOOL_CONVERSION = YES;
				CLANG_WARN_CONSTANT_CONVERSION = YES;
				CLANG_WARN_DIRECT_OBJC_ISA_USAGE = YES_ERROR;
				CLANG_WARN_EMPTY_BODY = YES;
				CLANG_WARN_ENUM_CONVERSION = YES;
				CLANG_WARN_INT_CONVERSION = YES;
				CLANG_WARN_OBJC_ROOT_CLASS = YES_ERROR;
				CLANG_WARN_UNREACHABLE_CODE = YES;
				CLANG_WARN__DUPLICATE_METHOD_MATCH = YES;
				"CODE_SIGN_IDENTITY[sdk=iphoneos*]" = "iPhone Developer";
				COPY_PHASE_STRIP = NO;
				DEBUG_INFORMATION_FORMAT = "dwarf-with-dsym";
				ENABLE_NS_ASSERTIONS = NO;
				ENABLE_STRICT_OBJC_MSGSEND = YES;
				GCC_C_LANGUAGE_STANDARD = gnu99;
				GCC_NO_COMMON_BLOCKS = YES;
				GCC_WARN_64_TO_32_BIT_CONVERSION = YES;
				GCC_WARN_ABOUT_RETURN_TYPE = YES_ERROR;
				GCC_WARN_UNDECLARED_SELECTOR = YES;
				GCC_WARN_UNINITIALIZED_AUTOS = YES_AGGRESSIVE;
				GCC_WARN_UNUSED_FUNCTION = YES;
				GCC_WARN_UNUSED_VARIABLE = YES;
				IPHONEOS_DEPLOYMENT_TARGET = 9.2;
				MTL_ENABLE_DEBUG_INFO = NO;
				SDKROOT = iphoneos;
				VALIDATE_PRODUCT = YES;
			};
			name = Release;
		};
		16B74AE61CF6A492009208DF /* Debug */ = {
			isa = XCBuildConfiguration;
			buildSettings = {
				ASSETCATALOG_COMPILER_APPICON_NAME = AppIcon;
				INFOPLIST_FILE = Dome01/Info.plist;
				LD_RUNPATH_SEARCH_PATHS = "$(inherited) @executable_path/Frameworks";
				PRODUCT_BUNDLE_IDENTIFIER = com.anlaiye.Dome01;
				PRODUCT_NAME = "$(TARGET_NAME)";
			};
			name = Debug;
		};
		16B74AE71CF6A492009208DF /* Release */ = {
			isa = XCBuildConfiguration;
			buildSettings = {
				ASSETCATALOG_COMPILER_APPICON_NAME = AppIcon;
				INFOPLIST_FILE = Dome01/Info.plist;
				LD_RUNPATH_SEARCH_PATHS = "$(inherited) @executable_path/Frameworks";
				PRODUCT_BUNDLE_IDENTIFIER = com.anlaiye.Dome01;
				PRODUCT_NAME = "$(TARGET_NAME)";
			};
			name = Release;
		};
		16B74AE91CF6A492009208DF /* Debug */ = {
			isa = XCBuildConfiguration;
			buildSettings = {
				BUNDLE_LOADER = "$(TEST_HOST)";
				INFOPLIST_FILE = Dome01Tests/Info.plist;
				LD_RUNPATH_SEARCH_PATHS = "$(inherited) @executable_path/Frameworks @loader_path/Frameworks";
				PRODUCT_BUNDLE_IDENTIFIER = com.anlaiye.Dome01Tests;
				PRODUCT_NAME = "$(TARGET_NAME)";
				TEST_HOST = "$(BUILT_PRODUCTS_DIR)/Dome01.app/Dome01";
			};
			name = Debug;
		};
		16B74AEA1CF6A492009208DF /* Release */ = {
			isa = XCBuildConfiguration;
			buildSettings = {
				BUNDLE_LOADER = "$(TEST_HOST)";
				INFOPLIST_FILE = Dome01Tests/Info.plist;
				LD_RUNPATH_SEARCH_PATHS = "$(inherited) @executable_path/Frameworks @loader_path/Frameworks";
				PRODUCT_BUNDLE_IDENTIFIER = com.anlaiye.Dome01Tests;
				PRODUCT_NAME = "$(TARGET_NAME)";
				TEST_HOST = "$(BUILT_PRODUCTS_DIR)/Dome01.app/Dome01";
			};
			name = Release;
		};
		16B74AEC1CF6A492009208DF /* Debug */ = {
			isa = XCBuildConfiguration;
			buildSettings = {
				INFOPLIST_FILE = Dome01UITests/Info.plist;
				LD_RUNPATH_SEARCH_PATHS = "$(inherited) @executable_path/Frameworks @loader_path/Frameworks";
				PRODUCT_BUNDLE_IDENTIFIER = com.anlaiye.Dome01UITests;
				PRODUCT_NAME = "$(TARGET_NAME)";
				TEST_TARGET_NAME = Dome01;
				USES_XCTRUNNER = YES;
			};
			name = Debug;
		};
		16B74AED1CF6A492009208DF /* Release */ = {
			isa = XCBuildConfiguration;
			buildSettings = {
				INFOPLIST_FILE = Dome01UITests/Info.plist;
				LD_RUNPATH_SEARCH_PATHS = "$(inherited) @executable_path/Frameworks @loader_path/Frameworks";
				PRODUCT_BUNDLE_IDENTIFIER = com.anlaiye.Dome01UITests;
				PRODUCT_NAME = "$(TARGET_NAME)";
				TEST_TARGET_NAME = Dome01;
				USES_XCTRUNNER = YES;
			};
			name = Release;
		};
/* End XCBuildConfiguration section */

/* Begin XCConfigurationList section */
		16B74AB31CF6A492009208DF /* Build configuration list for PBXProject "Dome01" */ = {
			isa = XCConfigurationList;
			buildConfigurations = (
				16B74AE31CF6A492009208DF /* Debug */,
				16B74AE41CF6A492009208DF /* Release */,
			);
			defaultConfigurationIsVisible = 0;
			defaultConfigurationName = Release;
		};
		16B74AE51CF6A492009208DF /* Build configuration list for PBXNativeTarget "Dome01" */ = {
			isa = XCConfigurationList;
			buildConfigurations = (
				16B74AE61CF6A492009208DF /* Debug */,
				16B74AE71CF6A492009208DF /* Release */,
			);
			defaultConfigurationIsVisible = 0;
			defaultConfigurationName = Release;
		};
		16B74AE81CF6A492009208DF /* Build configuration list for PBXNativeTarget "Dome01Tests" */ = {
			isa = XCConfigurationList;
			buildConfigurations = (
				16B74AE91CF6A492009208DF /* Debug */,
				16B74AEA1CF6A492009208DF /* Release */,
			);
			defaultConfigurationIsVisible = 0;
			defaultConfigurationName = Release;
		};
		16B74AEB1CF6A492009208DF /* Build configuration list for PBXNativeTarget "Dome01UITests" */ = {
			isa = XCConfigurationList;
			buildConfigurations = (
				16B74AEC1CF6A492009208DF /* Debug */,
				16B74AED1CF6A492009208DF /* Release */,
			);
			defaultConfigurationIsVisible = 0;
			defaultConfigurationName = Release;
		};
/* End XCConfigurationList section */
	};
	rootObject = 16B74AB01CF6A492009208DF /* Project object */;
}
